
Microsoft Visual Studio Solution File, Format Version 12.00
# Visual Studio Version 16
VisualStudioVersion = 16.0.31410.357
MinimumVisualStudioVersion = 10.0.40219.1
Project("{FAE04EC0-301F-11D3-BF4B-00C04F79EFBC}") = "ProyectoCrud", "ProyectoCrud\ProyectoCrud.csproj", "{F315C795-DD4F-4F4D-87C4-5E230E5CB4F6}"
EndProject
Global
	GlobalSection(SolutionConfigurationPlatforms) = preSolution
		Debug|Any CPU = Debug|Any CPU
		Release|Any CPU = Release|Any CPU
	EndGlobalSection
	GlobalSection(ProjectConfigurationPlatforms) = postSolution
		{F315C795-DD4F-4F4D-87C4-5E230E5CB4F6}.Debug|Any CPU.ActiveCfg = Debug|Any CPU
		{F315C795-DD4F-4F4D-87C4-5E230E5CB4F6}.Debug|Any CPU.Build.0 = Debug|Any CPU
		{F315C795-DD4F-4F4D-87C4-5E230E5CB4F6}.Release|Any CPU.ActiveCfg = Release|Any CPU
		{F315C795-DD4F-4F4D-87C4-5E230E5CB4F6}.Release|Any CPU.Build.0 = Release|Any CPU
	EndGlobalSection
	GlobalSection(SolutionProperties) = preSolution
		HideSolutionNode = FALSE
	EndGlobalSection
	GlobalSection(ExtensibilityGlobals) = postSolution
		SolutionGuid = {E3B7B53E-0F59-41E5-A878-E6E03FD0D527}
	EndGlobalSection
EndGlobal
